PODS:
  - Flutter (1.0.0)
  - FlutterPluginRegistrant (0.0.1):
    - Flutter
  - myflutter (0.0.1):
    - Flutter

DEPENDENCIES:
  - Flutter (from `../myflutter/.ios/Flutter/engine`)
  - FlutterPluginRegistrant (from `../myflutter/.ios/Flutter/FlutterPluginRegistrant`)
  - myflutter (from `../myflutter/.ios/Flutter`)

EXTERNAL SOURCES:
  Flutter:
    :path: "../myflutter/.ios/Flutter/engine"
  FlutterPluginRegistrant:
    :path: "../myflutter/.ios/Flutter/FlutterPluginRegistrant"
  myflutter:
    :path: "../myflutter/.ios/Flutter"

SPEC CHECKSUMS:
  Flutter: 0e3d915762c693b495b44d77113d4970485de6ec
  FlutterPluginRegistrant: d59dd07dd90e9c6430996073575a5bd1ea19677e
  myflutter: 2527e7ac35f70fe936ebc1a887ecd926c85650c4

PODFILE CHECKSUM: 4441fd8091ccaaca34ac917b783d541e02888624

COCOAPODS: 1.8.4
