PODS:
  - Flutter (1.0.0)
  - FlutterPluginRegistrant (0.0.1):
    - Flutter
  - myflutter (0.0.1):
    - Flutter

DEPENDENCIES:
  - Flutter (from `../myflutter/.ios/Flutter/engine`)
  - FlutterPluginRegistrant (from `../myflutter/.ios/Flutter/FlutterPluginRegistrant`)
  - myflutter (from `../myflutter/.ios/Flutter`)

EXTERNAL SOURCES:
  Flutter:
    :path: "../myflutter/.ios/Flutter/engine"
  FlutterPluginRegistrant:
    :path: "../myflutter/.ios/Flutter/FlutterPluginRegistrant"
  myflutter:
    :path: "../myflutter/.ios/Flutter"

SPEC CHECKSUMS:
  Flutter: 0e3d915762c693b495b44d77113d4970485de6ec
  FlutterPluginRegistrant: 8855ca2b426d228cb41aa6c26c0c83b8c49e3593
  myflutter: 2527e7ac35f70fe936ebc1a887ecd926c85650c4

PODFILE CHECKSUM: 808a42bd0f2cc013d54098e0829101b25e170174

COCOAPODS: 1.7.2
